{
    "hash": "872766d197e30dce41171463750673dd",
    "packages": [
        {
            "package": "plugins\/sfPropelORMPlugin",
            "version": "1.3.0"
        },
        {
            "package": "plugins\/sfGuardPlugin",
            "version": "4.0.2"
        },
        {
            "package": "plugins\/sfGravatarPlugin",
            "version": "0.9.0"
        },
        {
            "package": "plugins\/sfFormExtraPlugin",
            "version": "1.1.3"
        },
        {
            "package": "plugins\/sfPropelORMPlugin\/lib\/vendor\/phing",
            "version": "2.4.6"
        },
        {
            "package": "plugins\/sfPropelORMPlugin\/lib\/vendor\/propel",
            "version": "1.6.4"
        }
    ]
}
